// !$*UTF8*$!
{
	archiveVersion = 1;
	classes = {
	};
	objectVersion = 46;
	objects = {

/* Begin PBXBuildFile section */
		7668CE9D1CB004CD002FA1F1 /* main.m in Sources */ = {isa = PBXBuildFile; fileRef = 7668CE9C1CB004CD002FA1F1 /* main.m */; };
		7668CEA01CB004CD002FA1F1 /* AppDelegate.m in Sources */ = {isa = PBXBuildFile; fileRef = 7668CE9F1CB004CD002FA1F1 /* AppDelegate.m */; };
		7668CEA31CB004CD002FA1F1 /* ViewController.m in Sources */ = {isa = PBXBuildFile; fileRef = 7668CEA21CB004CD002FA1F1 /* ViewController.m */; };
		7668CEA61CB004CD002FA1F1 /* Main.storyboard in Resources */ = {isa = PBXBuildFile; fileRef = 7668CEA41CB004CD002FA1F1 /* Main.storyboard */; };
		7668CEA81CB004CD002FA1F1 /* Assets.xcassets in Resources */ = {isa = PBXBuildFile; fileRef = 7668CEA71CB004CD002FA1F1 /* Assets.xcassets */; };
		7668CEAB1CB004CD002FA1F1 /* LaunchScreen.storyboard in Resources */ = {isa = PBXBuildFile; fileRef = 7668CEA91CB004CD002FA1F1 /* LaunchScreen.storyboard */; };
		7668CEB41CB0053B002FA1F1 /* SimpleAUGraphPlayer.m in Sources */ = {isa = PBXBuildFile; fileRef = 7668CEB31CB0053B002FA1F1 /* SimpleAUGraphPlayer.m */; settings = {ASSET_TAGS = (); }; };
		7668CEB71CB020E9002FA1F1 /* SimpleAudioQueuePlayer.m in Sources */ = {isa = PBXBuildFile; fileRef = 7668CEB61CB020E9002FA1F1 /* SimpleAudioQueuePlayer.m */; settings = {ASSET_TAGS = (); }; };
		7668CEBB1CB0EB2A002FA1F1 /* SimpleAudioUnitPlayer.m in Sources */ = {isa = PBXBuildFile; fileRef = 7668CEBA1CB0EB2A002FA1F1 /* SimpleAudioUnitPlayer.m */; settings = {ASSET_TAGS = (); }; };
/* End PBXBuildFile section */

/* Begin PBXFileReference section */
		7668CE981CB004CD002FA1F1 /* AudioSimplePlayer.app */ = {isa = PBXFileReference; explicitFileType = wrapper.application; includeInIndex = 0; path = AudioSimplePlayer.app; sourceTree = BUILT_PRODUCTS_DIR; };
		7668CE9C1CB004CD002FA1F1 /* main.m */ = {isa = PBXFileReference; lastKnownFileType = sourcecode.c.objc; path = main.m; sourceTree = "<group>"; };
		7668CE9E1CB004CD002FA1F1 /* AppDelegate.h */ = {isa = PBXFileReference; lastKnownFileType = sourcecode.c.h; path = AppDelegate.h; sourceTree = "<group>"; };
		7668CE9F1CB004CD002FA1F1 /* AppDelegate.m */ = {isa = PBXFileReference; lastKnownFileType = sourcecode.c.objc; path = AppDelegate.m; sourceTree = "<group>"; };
		7668CEA11CB004CD002FA1F1 /* ViewController.h */ = {isa = PBXFileReference; lastKnownFileType = sourcecode.c.h; path = ViewController.h; sourceTree = "<group>"; };
		7668CEA21CB004CD002FA1F1 /* ViewController.m */ = {isa = PBXFileReference; lastKnownFileType = sourcecode.c.objc; path = ViewController.m; sourceTree = "<group>"; };
		7668CEA51CB004CD002FA1F1 /* Base */ = {isa = PBXFileReference; lastKnownFileType = file.storyboard; name = Base; path = Base.lproj/Main.storyboard; sourceTree = "<group>"; };
		7668CEA71CB004CD002FA1F1 /* Assets.xcassets */ = {isa = PBXFileReference; lastKnownFileType = folder.assetcatalog; path = Assets.xcassets; sourceTree = "<group>"; };
		7668CEAA1CB004CD002FA1F1 /* Base */ = {isa = PBXFileReference; lastKnownFileType = file.storyboard; name = Base; path = Base.lproj/LaunchScreen.storyboard; sourceTree = "<group>"; };
		7668CEAC1CB004CD002FA1F1 /* Info.plist */ = {isa = PBXFileReference; lastKnownFileType = text.plist.xml; path = Info.plist; sourceTree = "<group>"; };
		7668CEB21CB0053B002FA1F1 /* SimpleAUGraphPlayer.h */ = {isa = PBXFileReference; fileEncoding = 4; lastKnownFileType = sourcecode.c.h; path = SimpleAUGraphPlayer.h; sourceTree = "<group>"; };
		7668CEB31CB0053B002FA1F1 /* SimpleAUGraphPlayer.m */ = {isa = PBXFileReference; fileEncoding = 4; lastKnownFileType = sourcecode.c.objc; path = SimpleAUGraphPlayer.m; sourceTree = "<group>"; };
		7668CEB51CB020E9002FA1F1 /* SimpleAudioQueuePlayer.h */ = {isa = PBXFileReference; fileEncoding = 4; lastKnownFileType = sourcecode.c.h; path = SimpleAudioQueuePlayer.h; sourceTree = "<group>"; };
		7668CEB61CB020E9002FA1F1 /* SimpleAudioQueuePlayer.m */ = {isa = PBXFileReference; fileEncoding = 4; lastKnownFileType = sourcecode.c.objc; path = SimpleAudioQueuePlayer.m; sourceTree = "<group>"; };
		7668CEB91CB0EB2A002FA1F1 /* SimpleAudioUnitPlayer.h */ = {isa = PBXFileReference; fileEncoding = 4; lastKnownFileType = sourcecode.c.h; path = SimpleAudioUnitPlayer.h; sourceTree = "<group>"; };
		7668CEBA1CB0EB2A002FA1F1 /* SimpleAudioUnitPlayer.m */ = {isa = PBXFileReference; fileEncoding = 4; lastKnownFileType = sourcecode.c.objc; path = SimpleAudioUnitPlayer.m; sourceTree = "<group>"; };
/* End PBXFileReference section */

/* Begin PBXFrameworksBuildPhase section */
		7668CE951CB004CD002FA1F1 /* Frameworks */ = {
			isa = PBXFrameworksBuildPhase;
			buildActionMask = 2147483647;
			files = (
			);
			runOnlyForDeploymentPostprocessing = 0;
		};
/* End PBXFrameworksBuildPhase section */

/* Begin PBXGroup section */
		7668CE8F1CB004CD002FA1F1 = {
			isa = PBXGroup;
			children = (
				7668CE9A1CB004CD002FA1F1 /* AudioGraphSimplePlayer */,
				7668CE991CB004CD002FA1F1 /* Products */,
			);
			sourceTree = "<group>";
		};
		7668CE991CB004CD002FA1F1 /* Products */ = {
			isa = PBXGroup;
			children = (
				7668CE981CB004CD002FA1F1 /* AudioSimplePlayer.app */,
			);
			name = Products;
			sourceTree = "<group>";
		};
		7668CE9A1CB004CD002FA1F1 /* AudioGraphSimplePlayer */ = {
			isa = PBXGroup;
			children = (
				7668CE9E1CB004CD002FA1F1 /* AppDelegate.h */,
				7668CE9F1CB004CD002FA1F1 /* AppDelegate.m */,
				7668CEA11CB004CD002FA1F1 /* ViewController.h */,
				7668CEA21CB004CD002FA1F1 /* ViewController.m */,
				7668CEB91CB0EB2A002FA1F1 /* SimpleAudioUnitPlayer.h */,
				7668CEBA1CB0EB2A002FA1F1 /* SimpleAudioUnitPlayer.m */,
				7668CEB21CB0053B002FA1F1 /* SimpleAUGraphPlayer.h */,
				7668CEB31CB0053B002FA1F1 /* SimpleAUGraphPlayer.m */,
				7668CEB51CB020E9002FA1F1 /* SimpleAudioQueuePlayer.h */,
				7668CEB61CB020E9002FA1F1 /* SimpleAudioQueuePlayer.m */,
				7668CEA41CB004CD002FA1F1 /* Main.storyboard */,
				7668CEA71CB004CD002FA1F1 /* Assets.xcassets */,
				7668CEA91CB004CD002FA1F1 /* LaunchScreen.storyboard */,
				7668CEAC1CB004CD002FA1F1 /* Info.plist */,
				7668CE9B1CB004CD002FA1F1 /* Supporting Files */,
			);
			path = AudioGraphSimplePlayer;
			sourceTree = "<group>";
		};
		7668CE9B1CB004CD002FA1F1 /* Supporting Files */ = {
			isa = PBXGroup;
			children = (
				7668CE9C1CB004CD002FA1F1 /* main.m */,
			);
			name = "Supporting Files";
			sourceTree = "<group>";
		};
/* End PBXGroup section */

/* Begin PBXNativeTarget section */
		7668CE971CB004CD002FA1F1 /* AudioSimplePlayer */ = {
			isa = PBXNativeTarget;
			buildConfigurationList = 7668CEAF1CB004CD002FA1F1 /* Build configuration list for PBXNativeTarget "AudioSimplePlayer" */;
			buildPhases = (
				7668CE941CB004CD002FA1F1 /* Sources */,
				7668CE951CB004CD002FA1F1 /* Frameworks */,
				7668CE961CB004CD002FA1F1 /* Resources */,
			);
			buildRules = (
			);
			dependencies = (
			);
			name = AudioSimplePlayer;
			productName = AudioGraphSimplePlayer;
			productReference = 7668CE981CB004CD002FA1F1 /* AudioSimplePlayer.app */;
			productType = "com.apple.product-type.application";
		};
/* End PBXNativeTarget section */

/* Begin PBXProject section */
		7668CE901CB004CD002FA1F1 /* Project object */ = {
			isa = PBXProject;
			attributes = {
				LastUpgradeCheck = 0700;
				ORGANIZATIONNAME = ShengQiang;
				TargetAttributes = {
					7668CE971CB004CD002FA1F1 = {
						CreatedOnToolsVersion = 7.0;
					};
				};
			};
			buildConfigurationList = 7668CE931CB004CD002FA1F1 /* Build configuration list for PBXProject "AudioSimplePlayer" */;
			compatibilityVersion = "Xcode 3.2";
			developmentRegion = English;
			hasScannedForEncodings = 0;
			knownRegions = (
				en,
				Base,
			);
			mainGroup = 7668CE8F1CB004CD002FA1F1;
			productRefGroup = 7668CE991CB004CD002FA1F1 /* Products */;
			projectDirPath = "";
			projectRoot = "";
			targets = (
				7668CE971CB004CD002FA1F1 /* AudioSimplePlayer */,
			);
		};
/* End PBXProject section */

/* Begin PBXResourcesBuildPhase section */
		7668CE961CB004CD002FA1F1 /* Resources */ = {
			isa = PBXResourcesBuildPhase;
			buildActionMask = 2147483647;
			files = (
				7668CEAB1CB004CD002FA1F1 /* LaunchScreen.storyboard in Resources */,
				7668CEA81CB004CD002FA1F1 /* Assets.xcassets in Resources */,
				7668CEA61CB004CD002FA1F1 /* Main.storyboard in Resources */,
			);
			runOnlyForDeploymentPostprocessing = 0;
		};
/* End PBXResourcesBuildPhase section */

/* Begin PBXSourcesBuildPhase section */
		7668CE941CB004CD002FA1F1 /* Sources */ = {
			isa = PBXSourcesBuildPhase;
			buildActionMask = 2147483647;
			files = (
				7668CEB41CB0053B002FA1F1 /* SimpleAUGraphPlayer.m in Sources */,
				7668CEBB1CB0EB2A002FA1F1 /* SimpleAudioUnitPlayer.m in Sources */,
				7668CEA31CB004CD002FA1F1 /* ViewController.m in Sources */,
				7668CEB71CB020E9002FA1F1 /* SimpleAudioQueuePlayer.m in Sources */,
				7668CEA01CB004CD002FA1F1 /* AppDelegate.m in Sources */,
				7668CE9D1CB004CD002FA1F1 /* main.m in Sources */,
			);
			runOnlyForDeploymentPostprocessing = 0;
		};
/* End PBXSourcesBuildPhase section */

/* Begin PBXVariantGroup section */
		7668CEA41CB004CD002FA1F1 /* Main.storyboard */ = {
			isa = PBXVariantGroup;
			children = (
				7668CEA51CB004CD002FA1F1 /* Base */,
			);
			name = Main.storyboard;
			sourceTree = "<group>";
		};
		7668CEA91CB004CD002FA1F1 /* LaunchScreen.storyboard */ = {
			isa = PBXVariantGroup;
			children = (
				7668CEAA1CB004CD002FA1F1 /* Base */,
			);
			name = LaunchScreen.storyboard;
			sourceTree = "<group>";
		};
/* End PBXVariantGroup section */

/* Begin XCBuildConfiguration section */
		7668CEAD1CB004CD002FA1F1 /* Debug */ = {
			isa = XCBuildConfiguration;
			buildSettings = {
				ALWAYS_SEARCH_USER_PATHS = NO;
				CLANG_CXX_LANGUAGE_STANDARD = "gnu++0x";
				CLANG_CXX_LIBRARY = "libc++";
				CLANG_ENABLE_MODULES = YES;
				CLANG_ENABLE_OBJC_ARC = YES;
				CLANG_WARN_BOOL_CONVERSION = YES;
				CLANG_WARN_CONSTANT_CONVERSION = YES;
				CLANG_WARN_DIRECT_OBJC_ISA_USAGE = YES_ERROR;
				CLANG_WARN_EMPTY_BODY = YES;
				CLANG_WARN_ENUM_CONVERSION = YES;
				CLANG_WARN_INT_CONVERSION = YES;
				CLANG_WARN_OBJC_ROOT_CLASS = YES_ERROR;
				CLANG_WARN_UNREACHABLE_CODE = YES;
				CLANG_WARN__DUPLICATE_METHOD_MATCH = YES;
				"CODE_SIGN_IDENTITY[sdk=iphoneos*]" = "iPhone Developer";
				COPY_PHASE_STRIP = NO;
				DEBUG_INFORMATION_FORMAT = dwarf;
				ENABLE_STRICT_OBJC_MSGSEND = YES;
				ENABLE_TESTABILITY = YES;
				GCC_C_LANGUAGE_STANDARD = gnu99;
				GCC_DYNAMIC_NO_PIC = NO;
				GCC_NO_COMMON_BLOCKS = YES;
				GCC_OPTIMIZATION_LEVEL = 0;
				GCC_PREPROCESSOR_DEFINITIONS = (
					"DEBUG=1",
					"$(inherited)",
				);
				GCC_WARN_64_TO_32_BIT_CONVERSION = YES;
				GCC_WARN_ABOUT_RETURN_TYPE = YES_ERROR;
				GCC_WARN_UNDECLARED_SELECTOR = YES;
				GCC_WARN_UNINITIALIZED_AUTOS = YES_AGGRESSIVE;
				GCC_WARN_UNUSED_FUNCTION = YES;
				GCC_WARN_UNUSED_VARIABLE = YES;
				IPHONEOS_DEPLOYMENT_TARGET = 9.0;
				MTL_ENABLE_DEBUG_INFO = YES;
				ONLY_ACTIVE_ARCH = YES;
				SDKROOT = iphoneos;
			};
			name = Debug;
		};
		7668CEAE1CB004CD002FA1F1 /* Release */ = {
			isa = XCBuildConfiguration;
			buildSettings = {
				ALWAYS_SEARCH_USER_PATHS = NO;
				CLANG_CXX_LANGUAGE_STANDARD = "gnu++0x";
				CLANG_CXX_LIBRARY = "libc++";
				CLANG_ENABLE_MODULES = YES;
				CLANG_ENABLE_OBJC_ARC = YES;
				CLANG_WARN_BOOL_CONVERSION = YES;
				CLANG_WARN_CONSTANT_CONVERSION = YES;
				CLANG_WARN_DIRECT_OBJC_ISA_USAGE = YES_ERROR;
				CLANG_WARN_EMPTY_BODY = YES;
				CLANG_WARN_ENUM_CONVERSION = YES;
				CLANG_WARN_INT_CONVERSION = YES;
				CLANG_WARN_OBJC_ROOT_CLASS = YES_ERROR;
				CLANG_WARN_UNREACHABLE_CODE = YES;
				CLANG_WARN__DUPLICATE_METHOD_MATCH = YES;
				"CODE_SIGN_IDENTITY[sdk=iphoneos*]" = "iPhone Developer";
				COPY_PHASE_STRIP = NO;
				DEBUG_INFORMATION_FORMAT = "dwarf-with-dsym";
				ENABLE_NS_ASSERTIONS = NO;
				ENABLE_STRICT_OBJC_MSGSEND = YES;
				GCC_C_LANGUAGE_STANDARD = gnu99;
				GCC_NO_COMMON_BLOCKS = YES;
				GCC_WARN_64_TO_32_BIT_CONVERSION = YES;
				GCC_WARN_ABOUT_RETURN_TYPE = YES_ERROR;
				GCC_WARN_UNDECLARED_SELECTOR = YES;
				GCC_WARN_UNINITIALIZED_AUTOS = YES_AGGRESSIVE;
				GCC_WARN_UNUSED_FUNCTION = YES;
				GCC_WARN_UNUSED_VARIABLE = YES;
				IPHONEOS_DEPLOYMENT_TARGET = 9.0;
				MTL_ENABLE_DEBUG_INFO = NO;
				SDKROOT = iphoneos;
				VALIDATE_PRODUCT = YES;
			};
			name = Release;
		};
		7668CEB01CB004CD002FA1F1 /* Debug */ = {
			isa = XCBuildConfiguration;
			buildSettings = {
				ASSETCATALOG_COMPILER_APPICON_NAME = AppIcon;
				INFOPLIST_FILE = AudioGraphSimplePlayer/Info.plist;
				LD_RUNPATH_SEARCH_PATHS = "$(inherited) @executable_path/Frameworks";
				PRODUCT_BUNDLE_IDENTIFIER = www.shengqiang.com.AudioGraphSimplePlayer;
				PRODUCT_NAME = AudioSimplePlayer;
			};
			name = Debug;
		};
		7668CEB11CB004CD002FA1F1 /* Release */ = {
			isa = XCBuildConfiguration;
			buildSettings = {
				ASSETCATALOG_COMPILER_APPICON_NAME = AppIcon;
				INFOPLIST_FILE = AudioGraphSimplePlayer/Info.plist;
				LD_RUNPATH_SEARCH_PATHS = "$(inherited) @executable_path/Frameworks";
				PRODUCT_BUNDLE_IDENTIFIER = www.shengqiang.com.AudioGraphSimplePlayer;
				PRODUCT_NAME = AudioSimplePlayer;
			};
			name = Release;
		};
/* End XCBuildConfiguration section */

/* Begin XCConfigurationList section */
		7668CE931CB004CD002FA1F1 /* Build configuration list for PBXProject "AudioSimplePlayer" */ = {
			isa = XCConfigurationList;
			buildConfigurations = (
				7668CEAD1CB004CD002FA1F1 /* Debug */,
				7668CEAE1CB004CD002FA1F1 /* Release */,
			);
			defaultConfigurationIsVisible = 0;
			defaultConfigurationName = Release;
		};
		7668CEAF1CB004CD002FA1F1 /* Build configuration list for PBXNativeTarget "AudioSimplePlayer" */ = {
			isa = XCConfigurationList;
			buildConfigurations = (
				7668CEB01CB004CD002FA1F1 /* Debug */,
				7668CEB11CB004CD002FA1F1 /* Release */,
			);
			defaultConfigurationIsVisible = 0;
		};
/* End XCConfigurationList section */
	};
	rootObject = 7668CE901CB004CD002FA1F1 /* Project object */;
}
